
Microsoft Visual Studio Solution File, Format Version 12.00
# Visual Studio Version 17
VisualStudioVersion = 17.5.33627.172
MinimumVisualStudioVersion = 10.0.40219.1
Project("{FAE04EC0-301F-11D3-BF4B-00C04F79EFBC}") = "Gestionador", "Gestionador.csproj", "{FACD7BCF-1E9D-4F5D-AFE0-1119140AE62C}"
EndProject
Global
	GlobalSection(SolutionConfigurationPlatforms) = preSolution
		Debug|Any CPU = Debug|Any CPU
		Release|Any CPU = Release|Any CPU
	EndGlobalSection
	GlobalSection(ProjectConfigurationPlatforms) = postSolution
		{FACD7BCF-1E9D-4F5D-AFE0-1119140AE62C}.Debug|Any CPU.ActiveCfg = Debug|Any CPU
		{FACD7BCF-1E9D-4F5D-AFE0-1119140AE62C}.Debug|Any CPU.Build.0 = Debug|Any CPU
		{FACD7BCF-1E9D-4F5D-AFE0-1119140AE62C}.Release|Any CPU.ActiveCfg = Release|Any CPU
		{FACD7BCF-1E9D-4F5D-AFE0-1119140AE62C}.Release|Any CPU.Build.0 = Release|Any CPU
	EndGlobalSection
	GlobalSection(SolutionProperties) = preSolution
		HideSolutionNode = FALSE
	EndGlobalSection
	GlobalSection(ExtensibilityGlobals) = postSolution
		SolutionGuid = {E2A066DB-913D-4B7A-A75D-8853B2CCDF64}
	EndGlobalSection
EndGlobal
